{
  "nodes": {
    "dms": {
      "inputs": {
        "flake-compat": "flake-compat",
        "nixpkgs": [
          "nixpkgs"
        ]
      },
      "locked": {
        "lastModified": 1783529634,
        "narHash": "sha256-zdHsPGPE5MVi/y+uIt548XScTfZjQzdF21dME7ISEJM=",
        "owner": "AvengeMedia",
        "repo": "DankMaterialShell",
        "rev": "bdfd565b72cbb416441a9ab828efcac4fd516c70",
        "type": "github"
      },
      "original": {
        "owner": "AvengeMedia",
        "ref": "stable",
        "repo": "DankMaterialShell",
        "type": "github"
      }
    },
    "flake-compat": {
      "flake": false,
      "locked": {
        "lastModified": 1767039857,
        "narHash": "sha256-vNpUSpF5Nuw8xvDLj2KCwwksIbjua2LZCqhV1LNRDns=",
        "owner": "NixOS",
        "repo": "flake-compat",
        "rev": "5edf11c44bc78a0d334f6334cdaf7d60d732daab",
        "type": "github"
      },
      "original": {
        "owner": "NixOS",
        "repo": "flake-compat",
        "type": "github"
      }
    },
    "flake-parts": {
      "inputs": {
        "nixpkgs-lib": [
          "neovim-nightly-overlay",
          "nixpkgs"
        ]
      },
      "locked": {
        "lastModified": 1782949081,
        "narHash": "sha256-vp6Y/Grm98ESt6ceOkWiHWyZRDV3J1RID4w+6NWK9yA=",
        "owner": "hercules-ci",
        "repo": "flake-parts",
        "rev": "17c9d6cdfc60c64f4ee8d306f9bc0b4ccb51481e",
        "type": "github"
      },
      "original": {
        "owner": "hercules-ci",
        "repo": "flake-parts",
        "type": "github"
      }
    },
    "home-manager": {
      "inputs": {
        "nixpkgs": [
          "nixpkgs"
        ]
      },
      "locked": {
        "lastModified": 1783963347,
        "narHash": "sha256-r376E2XpakiXwModDHIxlvB6qLq4iFVEq730vxOO4JY=",
        "owner": "nix-community",
        "repo": "home-manager",
        "rev": "a45a7c451455a51ae740ec3bce4024b312809c29",
        "type": "github"
      },
      "original": {
        "owner": "nix-community",
        "repo": "home-manager",
        "type": "github"
      }
    },
    "neovim-nightly-overlay": {
      "inputs": {
        "flake-parts": "flake-parts",
        "neovim-src": "neovim-src",
        "nixpkgs": [
          "nixpkgs"
        ]
      },
      "locked": {
        "lastModified": 1783814585,
        "narHash": "sha256-xJYKRfI7kK/h08q5iVi9baAWe9Tx/zHkF+sW97g5aHg=",
        "owner": "nix-community",
        "repo": "neovim-nightly-overlay",
        "rev": "f27953eea28eb3a0bf58d84e8d51f65b1dfed481",
        "type": "github"
      },
      "original": {
        "owner": "nix-community",
        "repo": "neovim-nightly-overlay",
        "type": "github"
      }
    },
    "neovim-src": {
      "flake": false,
      "locked": {
        "lastModified": 1783808427,
        "narHash": "sha256-apvyZdfVD8K271Fe8qb8P2dJB1sGw1lts2js6adUgL8=",
        "owner": "neovim",
        "repo": "neovim",
        "rev": "41294e42533daf937410b6285e20a7c0a898f9a8",
        "type": "github"
      },
      "original": {
        "owner": "neovim",
        "repo": "neovim",
        "type": "github"
      }
    },
    "nixpkgs": {
      "locked": {
        "lastModified": 1784011430,
        "narHash": "sha256-lDebytrYdd47IBLwvNOD+6AGeoqZ78CIKlp70hzW280=",
        "owner": "nixos",
        "repo": "nixpkgs",
        "rev": "8eeec934ae0dbeca3d7868c059568a65c08b2fc3",
        "type": "github"
      },
      "original": {
        "owner": "nixos",
        "ref": "nixos-26.05",
        "repo": "nixpkgs",
        "type": "github"
      }
    },
    "root": {
      "inputs": {
        "dms": "dms",
        "home-manager": "home-manager",
        "neovim-nightly-overlay": "neovim-nightly-overlay",
        "nixpkgs": "nixpkgs"
      }
    }
  },
  "root": "root",
  "version": 7
}
